
Microsoft Visual Studio Solution File, Format Version 12.00
# Visual Studio 2012
Project("{FAE04EC0-301F-11D3-BF4B-00C04F79EFBC}") = "MovieRental", "MovieRental\MovieRental.csproj", "{898D90A4-A4F1-40D3-9FEC-3359C798DF8E}"
EndProject
Project("{FAE04EC0-301F-11D3-BF4B-00C04F79EFBC}") = "MovieRental.Tests", "MovieRental.Tests\MovieRental.Tests.csproj", "{D07D2979-6AC6-4051-9AE9-6A597DD7B653}"
EndProject
Global
	GlobalSection(SolutionConfigurationPlatforms) = preSolution
		Debug|Any CPU = Debug|Any CPU
		Release|Any CPU = Release|Any CPU
	EndGlobalSection
	GlobalSection(ProjectConfigurationPlatforms) = postSolution
		{898D90A4-A4F1-40D3-9FEC-3359C798DF8E}.Debug|Any CPU.ActiveCfg = Debug|Any CPU
		{898D90A4-A4F1-40D3-9FEC-3359C798DF8E}.Debug|Any CPU.Build.0 = Debug|Any CPU
		{898D90A4-A4F1-40D3-9FEC-3359C798DF8E}.Release|Any CPU.ActiveCfg = Release|Any CPU
		{898D90A4-A4F1-40D3-9FEC-3359C798DF8E}.Release|Any CPU.Build.0 = Release|Any CPU
		{D07D2979-6AC6-4051-9AE9-6A597DD7B653}.Debug|Any CPU.ActiveCfg = Debug|Any CPU
		{D07D2979-6AC6-4051-9AE9-6A597DD7B653}.Debug|Any CPU.Build.0 = Debug|Any CPU
		{D07D2979-6AC6-4051-9AE9-6A597DD7B653}.Release|Any CPU.ActiveCfg = Release|Any CPU
		{D07D2979-6AC6-4051-9AE9-6A597DD7B653}.Release|Any CPU.Build.0 = Release|Any CPU
	EndGlobalSection
EndGlobal
